<?xml version="1.0" encoding="utf-8"?>
<Project ToolsVersion="4.0" xmlns="http://schemas.microsoft.com/developer/msbuild/2003">
  <ItemGroup>
    <None Include="P_0_plantilla.asm" />
    <None Include="P_1_TransferenciaDatos.asm" />
    <None Include="P_2_IntroOpArit.asm" />
    <None Include="macros.inc" />
  </ItemGroup>
  <ItemGroup>
    <Object Include="..\..\..\..\..\..\Irvine\Lib32\Irvine32_Library\Irvine32.obj" />
  </ItemGroup>
  <ItemGroup>
    <MASM Include="P_3_EscrituraEnPantalla.asm" />
    <MASM Include="P_4_LeerDatosConsola.asm" />
    <MASM Include="P_5_ImprimeCadenaEnConsola.asm" />
    <MASM Include="P_6_Op_SUB.asm" />
    <MASM Include="P_7_multiplicacion.asm" />
    <MASM Include="P_8_division.asm" />
    <MASM Include="P_9_EcuacionLineRecta.asm" />
    <MASM Include="P_10_Promedio_5num.asm" />
    <MASM Include="P_11_AreaRectangulo.asm" />
    <MASM Include="P_12_IntroSaltosSinCondicionales.asm" />
    <MASM Include="P_13_SaltoCondicional_V1.asm" />
    <MASM Include="P_14_NumeroPar.asm" />
    <MASM Include="P_15_ImprimirSerie.asm" />
    <MASM Include="P_16_Xalay.asm" />
    <MASM Include="P_17_Checar2Num.asm" />
    <MASM Include="P_18_LeerHasteNegativos.asm" />
    <MASM Include="P_19_IntroPila.asm" />
    <MASM Include="P_20_CicliosAnidados.asm" />
    <MASM Include="P_21_TablaMultiplicar.asm" />
    <MASM Include="P_22_TabladeMultiplicarConPila.asm" />
    <MASM Include="Ej_4_LeerNumerosPositivos.asm" />
    <MASM Include="Ej_5_SumNumerosPos.asm" />
    <MASM Include="Ej_6_SolicitarXyLeerMenorX.asm" />
    <MASM Include="Ej7_LeerYSumarHastaX.asm" />
    <MASM Include="Ej_8_EmpresaConstructora.asm" />
    <MASM Include="Ej_9_Manhattan.asm" />
    <MASM Include="Ej_10_SueldoSemanal.asm" />
    <MASM Include="Ej_11_Edad.asm" />
    <MASM Include="Ej_12_Estaconamiento.asm" />
    <MASM Include="Ej_13_BrochaFeliz.asm" />
    <MASM Include="Ej_14_LaCurvaLoca.asm" />
    <MASM Include="Ej_15_Conagua.asm" />
    <MASM Include="Ej_16_CLS.asm" />
    <MASM Include="Ej_17_Factorial.asm" />
    <MASM Include="Ej_18_Fibonacci.asm" />
    <MASM Include="Ej_19_NPares.asm" />
    <MASM Include="Ej_20_Discriminante.asm" />
    <MASM Include="Ej_21_PorcentajeXdeY.asm" />
    <MASM Include="P_23_CiclioAnidadosConPilas.asm" />
    <MASM Include="P2_U4.asm" />
  </ItemGroup>
</Project>